
Microsoft Visual Studio Solution File, Format Version 12.00
# Visual Studio Version 17
VisualStudioVersion = 17.0.32014.148
MinimumVisualStudioVersion = 10.0.40219.1
Project("{FAE04EC0-301F-11D3-BF4B-00C04F79EFBC}") = "NLayer.Core", "NLayer.Core\NLayer.Core.csproj", "{89CED09D-6532-43FB-A059-4758DC06D540}"
EndProject
Global
	GlobalSection(SolutionConfigurationPlatforms) = preSolution
		Debug|Any CPU = Debug|Any CPU
		Release|Any CPU = Release|Any CPU
	EndGlobalSection
	GlobalSection(ProjectConfigurationPlatforms) = postSolution
		{89CED09D-6532-43FB-A059-4758DC06D540}.Debug|Any CPU.ActiveCfg = Debug|Any CPU
		{89CED09D-6532-43FB-A059-4758DC06D540}.Debug|Any CPU.Build.0 = Debug|Any CPU
		{89CED09D-6532-43FB-A059-4758DC06D540}.Release|Any CPU.ActiveCfg = Release|Any CPU
		{89CED09D-6532-43FB-A059-4758DC06D540}.Release|Any CPU.Build.0 = Release|Any CPU
	EndGlobalSection
	GlobalSection(SolutionProperties) = preSolution
		HideSolutionNode = FALSE
	EndGlobalSection
	GlobalSection(ExtensibilityGlobals) = postSolution
		SolutionGuid = {FC105165-CAD7-487B-B181-A6CAFA4CCAA4}
	EndGlobalSection
EndGlobal
